
Microsoft Visual Studio Solution File, Format Version 12.00
# Visual Studio Version 16
VisualStudioVersion = 16.0.30204.135
MinimumVisualStudioVersion = 10.0.40219.1
Project("{FAE04EC0-301F-11D3-BF4B-00C04F79EFBC}") = "u20540176_HW04", "u20540176_HW04\u20540176_HW04.csproj", "{EF389796-381E-482F-A6D0-DB023831D112}"
EndProject
Global
	GlobalSection(SolutionConfigurationPlatforms) = preSolution
		Debug|Any CPU = Debug|Any CPU
		Release|Any CPU = Release|Any CPU
	EndGlobalSection
	GlobalSection(ProjectConfigurationPlatforms) = postSolution
		{EF389796-381E-482F-A6D0-DB023831D112}.Debug|Any CPU.ActiveCfg = Debug|Any CPU
		{EF389796-381E-482F-A6D0-DB023831D112}.Debug|Any CPU.Build.0 = Debug|Any CPU
		{EF389796-381E-482F-A6D0-DB023831D112}.Release|Any CPU.ActiveCfg = Release|Any CPU
		{EF389796-381E-482F-A6D0-DB023831D112}.Release|Any CPU.Build.0 = Release|Any CPU
	EndGlobalSection
	GlobalSection(SolutionProperties) = preSolution
		HideSolutionNode = FALSE
	EndGlobalSection
	GlobalSection(ExtensibilityGlobals) = postSolution
		SolutionGuid = {CD425205-80B0-4068-92A9-4CF773B23F5A}
	EndGlobalSection
EndGlobal
